[root]
name = "rust-mines"
version = "0.0.1"
dependencies = [
 "termbox 0.0.0-alpha (git+https://github.com/mystal/rust-termbox.git?ref=dev)",
]

[[package]]
name = "termbox"
version = "0.0.0-alpha"
source = "git+https://github.com/mystal/rust-termbox.git?ref=dev#4ae6133efb9896b533eb6702599626cf4c253542"

